// !$*UTF8*$!
{
	archiveVersion = 1;
	classes = {
	};
	objectVersion = 50;
	objects = {

/* Begin PBXBuildFile section */
		421252FC225FAE4D00B65147 /* VeriffSession.swift in Sources */ = {isa = PBXBuildFile; fileRef = 421252FB225FAE4D00B65147 /* VeriffSession.swift */; };
		42125300225FC0E200B65147 /* Constants.swift in Sources */ = {isa = PBXBuildFile; fileRef = 421252FF225FC0E200B65147 /* Constants.swift */; };
		42125302225FC10D00B65147 /* NetworkManager.swift in Sources */ = {isa = PBXBuildFile; fileRef = 42125301225FC10D00B65147 /* NetworkManager.swift */; };
		42125304225FC65000B65147 /* SwipeCloseViewController.swift in Sources */ = {isa = PBXBuildFile; fileRef = 42125303225FC65000B65147 /* SwipeCloseViewController.swift */; };
		422F6EE722665322005F1303 /* Cars.plist in Resources */ = {isa = PBXBuildFile; fileRef = 422F6EE622665322005F1303 /* Cars.plist */; };
		4272AAC9225B690200432876 /* LoginViewController.swift in Sources */ = {isa = PBXBuildFile; fileRef = 4272AAC8225B690200432876 /* LoginViewController.swift */; };
		4272AACB225B691800432876 /* SignupViewController.swift in Sources */ = {isa = PBXBuildFile; fileRef = 4272AACA225B691800432876 /* SignupViewController.swift */; };
		4272AACD225B6CF500432876 /* Extensions.swift in Sources */ = {isa = PBXBuildFile; fileRef = 4272AACC225B6CF500432876 /* Extensions.swift */; };
		4272AACF225B711C00432876 /* Coordinator.swift in Sources */ = {isa = PBXBuildFile; fileRef = 4272AACE225B711C00432876 /* Coordinator.swift */; };
		4272AAD1225B714100432876 /* StartupCoordinator.swift in Sources */ = {isa = PBXBuildFile; fileRef = 4272AAD0225B714100432876 /* StartupCoordinator.swift */; };
		4272AAD3225B7A6C00432876 /* LoginSignupSelectionViewController.swift in Sources */ = {isa = PBXBuildFile; fileRef = 4272AAD2225B7A6C00432876 /* LoginSignupSelectionViewController.swift */; };
		4272AAD7225B898800432876 /* CarsListViewController.swift in Sources */ = {isa = PBXBuildFile; fileRef = 4272AAD6225B898800432876 /* CarsListViewController.swift */; };
		429FD64E22633D8F00628CCB /* NSManagedObjectContext+Extensions.swift in Sources */ = {isa = PBXBuildFile; fileRef = 429FD64D22633D8F00628CCB /* NSManagedObjectContext+Extensions.swift */; };
		429FD65722633DAF00628CCB /* Rentacar.xcdatamodeld in Sources */ = {isa = PBXBuildFile; fileRef = 429FD64F22633DAF00628CCB /* Rentacar.xcdatamodeld */; };
		429FD65F22633F0300628CCB /* Datastore.swift in Sources */ = {isa = PBXBuildFile; fileRef = 429FD65E22633F0300628CCB /* Datastore.swift */; };
		429FD68022634E8100628CCB /* Session+CoreDataClass.swift in Sources */ = {isa = PBXBuildFile; fileRef = 429FD67722634E8100628CCB /* Session+CoreDataClass.swift */; };
		429FD68122634E8100628CCB /* Car+CoreDataClass.swift in Sources */ = {isa = PBXBuildFile; fileRef = 429FD67822634E8100628CCB /* Car+CoreDataClass.swift */; };
		429FD68222634E8100628CCB /* Policy+CoreDataClass.swift in Sources */ = {isa = PBXBuildFile; fileRef = 429FD67922634E8100628CCB /* Policy+CoreDataClass.swift */; };
		429FD68322634E8100628CCB /* Car+CoreDataProperties.swift in Sources */ = {isa = PBXBuildFile; fileRef = 429FD67B22634E8100628CCB /* Car+CoreDataProperties.swift */; };
		429FD68422634E8100628CCB /* Session+CoreDataProperties.swift in Sources */ = {isa = PBXBuildFile; fileRef = 429FD67C22634E8100628CCB /* Session+CoreDataProperties.swift */; };
		429FD68522634E8100628CCB /* Policy+CoreDataProperties.swift in Sources */ = {isa = PBXBuildFile; fileRef = 429FD67D22634E8100628CCB /* Policy+CoreDataProperties.swift */; };
		429FD68622634E8100628CCB /* User+CoreDataProperties.swift in Sources */ = {isa = PBXBuildFile; fileRef = 429FD67E22634E8100628CCB /* User+CoreDataProperties.swift */; };
		429FD68722634E8100628CCB /* User+CoreDataClass.swift in Sources */ = {isa = PBXBuildFile; fileRef = 429FD67F22634E8100628CCB /* User+CoreDataClass.swift */; };
		429FD68A2263A2AE00628CCB /* CarsListCell.swift in Sources */ = {isa = PBXBuildFile; fileRef = 429FD6882263A2AE00628CCB /* CarsListCell.swift */; };
		429FD68B2263A2AE00628CCB /* CarsListCell.xib in Resources */ = {isa = PBXBuildFile; fileRef = 429FD6892263A2AE00628CCB /* CarsListCell.xib */; };
		429FD68D2263A83D00628CCB /* CarViewController.swift in Sources */ = {isa = PBXBuildFile; fileRef = 429FD68C2263A83D00628CCB /* CarViewController.swift */; };
		42D811BB2264B6080020FCD6 /* CommonAssets.xcassets in Resources */ = {isa = PBXBuildFile; fileRef = 42D811BA2264B6080020FCD6 /* CommonAssets.xcassets */; };
		42EEE357225B36730038659F /* AppDelegate.swift in Sources */ = {isa = PBXBuildFile; fileRef = 42EEE356225B36730038659F /* AppDelegate.swift */; };
		42EEE359225B36730038659F /* StartupViewController.swift in Sources */ = {isa = PBXBuildFile; fileRef = 42EEE358225B36730038659F /* StartupViewController.swift */; };
		42EEE35C225B36730038659F /* Main.storyboard in Resources */ = {isa = PBXBuildFile; fileRef = 42EEE35A225B36730038659F /* Main.storyboard */; };
		42EEE35E225B36750038659F /* Assets.xcassets in Resources */ = {isa = PBXBuildFile; fileRef = 42EEE35D225B36750038659F /* Assets.xcassets */; };
		42EEE361225B36750038659F /* LaunchScreen.storyboard in Resources */ = {isa = PBXBuildFile; fileRef = 42EEE35F225B36750038659F /* LaunchScreen.storyboard */; };
		42EEE36C225B36750038659F /* RentacarTests.swift in Sources */ = {isa = PBXBuildFile; fileRef = 42EEE36B225B36750038659F /* RentacarTests.swift */; };
		42EEE377225B36750038659F /* RentacarUITests.swift in Sources */ = {isa = PBXBuildFile; fileRef = 42EEE376225B36750038659F /* RentacarUITests.swift */; };
		9725D85D107EE22911816DF0 /* Pods_Rentacar.framework in Frameworks */ = {isa = PBXBuildFile; fileRef = 13817B9EF2812FBA418848D7 /* Pods_Rentacar.framework */; };
/* End PBXBuildFile section */

/* Begin PBXContainerItemProxy section */
		42EEE368225B36750038659F /* PBXContainerItemProxy */ = {
			isa = PBXContainerItemProxy;
			containerPortal = 42EEE34B225B36730038659F /* Project object */;
			proxyType = 1;
			remoteGlobalIDString = 42EEE352225B36730038659F;
			remoteInfo = Rentacar;
		};
		42EEE373225B36750038659F /* PBXContainerItemProxy */ = {
			isa = PBXContainerItemProxy;
			containerPortal = 42EEE34B225B36730038659F /* Project object */;
			proxyType = 1;
			remoteGlobalIDString = 42EEE352225B36730038659F;
			remoteInfo = Rentacar;
		};
/* End PBXContainerItemProxy section */

/* Begin PBXFileReference section */
		13817B9EF2812FBA418848D7 /* Pods_Rentacar.framework */ = {isa = PBXFileReference; explicitFileType = wrapper.framework; includeInIndex = 0; path = Pods_Rentacar.framework; sourceTree = BUILT_PRODUCTS_DIR; };
		421252FB225FAE4D00B65147 /* VeriffSession.swift */ = {isa = PBXFileReference; lastKnownFileType = sourcecode.swift; path = VeriffSession.swift; sourceTree = "<group>"; };
		421252FF225FC0E200B65147 /* Constants.swift */ = {isa = PBXFileReference; lastKnownFileType = sourcecode.swift; path = Constants.swift; sourceTree = "<group>"; };
		42125301225FC10D00B65147 /* NetworkManager.swift */ = {isa = PBXFileReference; lastKnownFileType = sourcecode.swift; path = NetworkManager.swift; sourceTree = "<group>"; };
		42125303225FC65000B65147 /* SwipeCloseViewController.swift */ = {isa = PBXFileReference; lastKnownFileType = sourcecode.swift; path = SwipeCloseViewController.swift; sourceTree = "<group>"; };
		422F6EE622665322005F1303 /* Cars.plist */ = {isa = PBXFileReference; lastKnownFileType = text.plist.xml; path = Cars.plist; sourceTree = "<group>"; };
		4272AAC8225B690200432876 /* LoginViewController.swift */ = {isa = PBXFileReference; lastKnownFileType = sourcecode.swift; path = LoginViewController.swift; sourceTree = "<group>"; };
		4272AACA225B691800432876 /* SignupViewController.swift */ = {isa = PBXFileReference; lastKnownFileType = sourcecode.swift; path = SignupViewController.swift; sourceTree = "<group>"; };
		4272AACC225B6CF500432876 /* Extensions.swift */ = {isa = PBXFileReference; lastKnownFileType = sourcecode.swift; path = Extensions.swift; sourceTree = "<group>"; };
		4272AACE225B711C00432876 /* Coordinator.swift */ = {isa = PBXFileReference; lastKnownFileType = sourcecode.swift; path = Coordinator.swift; sourceTree = "<group>"; };
		4272AAD0225B714100432876 /* StartupCoordinator.swift */ = {isa = PBXFileReference; lastKnownFileType = sourcecode.swift; path = StartupCoordinator.swift; sourceTree = "<group>"; };
		4272AAD2225B7A6C00432876 /* LoginSignupSelectionViewController.swift */ = {isa = PBXFileReference; lastKnownFileType = sourcecode.swift; path = LoginSignupSelectionViewController.swift; sourceTree = "<group>"; };
		4272AAD6225B898800432876 /* CarsListViewController.swift */ = {isa = PBXFileReference; lastKnownFileType = sourcecode.swift; path = CarsListViewController.swift; sourceTree = "<group>"; };
		429FD64D22633D8F00628CCB /* NSManagedObjectContext+Extensions.swift */ = {isa = PBXFileReference; fileEncoding = 4; lastKnownFileType = sourcecode.swift; path = "NSManagedObjectContext+Extensions.swift"; sourceTree = "<group>"; };
		429FD65022633DAF00628CCB /* Rentacar.xcdatamodel */ = {isa = PBXFileReference; lastKnownFileType = wrapper.xcdatamodel; path = Rentacar.xcdatamodel; sourceTree = "<group>"; };
		429FD65E22633F0300628CCB /* Datastore.swift */ = {isa = PBXFileReference; fileEncoding = 4; lastKnownFileType = sourcecode.swift; path = Datastore.swift; sourceTree = "<group>"; };
		429FD67722634E8100628CCB /* Session+CoreDataClass.swift */ = {isa = PBXFileReference; fileEncoding = 4; lastKnownFileType = sourcecode.swift; path = "Session+CoreDataClass.swift"; sourceTree = "<group>"; };
		429FD67822634E8100628CCB /* Car+CoreDataClass.swift */ = {isa = PBXFileReference; fileEncoding = 4; lastKnownFileType = sourcecode.swift; path = "Car+CoreDataClass.swift"; sourceTree = "<group>"; };
		429FD67922634E8100628CCB /* Policy+CoreDataClass.swift */ = {isa = PBXFileReference; fileEncoding = 4; lastKnownFileType = sourcecode.swift; path = "Policy+CoreDataClass.swift"; sourceTree = "<group>"; };
		429FD67B22634E8100628CCB /* Car+CoreDataProperties.swift */ = {isa = PBXFileReference; fileEncoding = 4; lastKnownFileType = sourcecode.swift; path = "Car+CoreDataProperties.swift"; sourceTree = "<group>"; };
		429FD67C22634E8100628CCB /* Session+CoreDataProperties.swift */ = {isa = PBXFileReference; fileEncoding = 4; lastKnownFileType = sourcecode.swift; path = "Session+CoreDataProperties.swift"; sourceTree = "<group>"; };
		429FD67D22634E8100628CCB /* Policy+CoreDataProperties.swift */ = {isa = PBXFileReference; fileEncoding = 4; lastKnownFileType = sourcecode.swift; path = "Policy+CoreDataProperties.swift"; sourceTree = "<group>"; };
		429FD67E22634E8100628CCB /* User+CoreDataProperties.swift */ = {isa = PBXFileReference; fileEncoding = 4; lastKnownFileType = sourcecode.swift; path = "User+CoreDataProperties.swift"; sourceTree = "<group>"; };
		429FD67F22634E8100628CCB /* User+CoreDataClass.swift */ = {isa = PBXFileReference; fileEncoding = 4; lastKnownFileType = sourcecode.swift; path = "User+CoreDataClass.swift"; sourceTree = "<group>"; };
		429FD6882263A2AE00628CCB /* CarsListCell.swift */ = {isa = PBXFileReference; lastKnownFileType = sourcecode.swift; path = CarsListCell.swift; sourceTree = "<group>"; };
		429FD6892263A2AE00628CCB /* CarsListCell.xib */ = {isa = PBXFileReference; lastKnownFileType = file.xib; path = CarsListCell.xib; sourceTree = "<group>"; };
		429FD68C2263A83D00628CCB /* CarViewController.swift */ = {isa = PBXFileReference; lastKnownFileType = sourcecode.swift; path = CarViewController.swift; sourceTree = "<group>"; };
		42D811BA2264B6080020FCD6 /* CommonAssets.xcassets */ = {isa = PBXFileReference; lastKnownFileType = folder.assetcatalog; path = CommonAssets.xcassets; sourceTree = "<group>"; };
		42EEE353225B36730038659F /* Rentacar.app */ = {isa = PBXFileReference; explicitFileType = wrapper.application; includeInIndex = 0; path = Rentacar.app; sourceTree = BUILT_PRODUCTS_DIR; };
		42EEE356225B36730038659F /* AppDelegate.swift */ = {isa = PBXFileReference; lastKnownFileType = sourcecode.swift; path = AppDelegate.swift; sourceTree = "<group>"; };
		42EEE358225B36730038659F /* StartupViewController.swift */ = {isa = PBXFileReference; lastKnownFileType = sourcecode.swift; path = StartupViewController.swift; sourceTree = "<group>"; };
		42EEE35B225B36730038659F /* Base */ = {isa = PBXFileReference; lastKnownFileType = file.storyboard; name = Base; path = Base.lproj/Main.storyboard; sourceTree = "<group>"; };
		42EEE35D225B36750038659F /* Assets.xcassets */ = {isa = PBXFileReference; lastKnownFileType = folder.assetcatalog; path = Assets.xcassets; sourceTree = "<group>"; };
		42EEE360225B36750038659F /* Base */ = {isa = PBXFileReference; lastKnownFileType = file.storyboard; name = Base; path = Base.lproj/LaunchScreen.storyboard; sourceTree = "<group>"; };
		42EEE362225B36750038659F /* Info.plist */ = {isa = PBXFileReference; lastKnownFileType = text.plist.xml; path = Info.plist; sourceTree = "<group>"; };
		42EEE367225B36750038659F /* RentacarTests.xctest */ = {isa = PBXFileReference; explicitFileType = wrapper.cfbundle; includeInIndex = 0; path = RentacarTests.xctest; sourceTree = BUILT_PRODUCTS_DIR; };
		42EEE36B225B36750038659F /* RentacarTests.swift */ = {isa = PBXFileReference; lastKnownFileType = sourcecode.swift; path = RentacarTests.swift; sourceTree = "<group>"; };
		42EEE36D225B36750038659F /* Info.plist */ = {isa = PBXFileReference; lastKnownFileType = text.plist.xml; path = Info.plist; sourceTree = "<group>"; };
		42EEE372225B36750038659F /* RentacarUITests.xctest */ = {isa = PBXFileReference; explicitFileType = wrapper.cfbundle; includeInIndex = 0; path = RentacarUITests.xctest; sourceTree = BUILT_PRODUCTS_DIR; };
		42EEE376225B36750038659F /* RentacarUITests.swift */ = {isa = PBXFileReference; lastKnownFileType = sourcecode.swift; path = RentacarUITests.swift; sourceTree = "<group>"; };
		42EEE378225B36750038659F /* Info.plist */ = {isa = PBXFileReference; lastKnownFileType = text.plist.xml; path = Info.plist; sourceTree = "<group>"; };
		78E713CE5F97A0F012AD4EE7 /* Pods-Rentacar.release.xcconfig */ = {isa = PBXFileReference; includeInIndex = 1; lastKnownFileType = text.xcconfig; name = "Pods-Rentacar.release.xcconfig"; path = "Target Support Files/Pods-Rentacar/Pods-Rentacar.release.xcconfig"; sourceTree = "<group>"; };
		EE9CDAA5B65A9EA1328D9949 /* Pods-Rentacar.debug.xcconfig */ = {isa = PBXFileReference; includeInIndex = 1; lastKnownFileType = text.xcconfig; name = "Pods-Rentacar.debug.xcconfig"; path = "Target Support Files/Pods-Rentacar/Pods-Rentacar.debug.xcconfig"; sourceTree = "<group>"; };
/* End PBXFileReference section */

/* Begin PBXFrameworksBuildPhase section */
		42EEE350225B36730038659F /* Frameworks */ = {
			isa = PBXFrameworksBuildPhase;
			buildActionMask = 2147483647;
			files = (
				9725D85D107EE22911816DF0 /* Pods_Rentacar.framework in Frameworks */,
			);
			runOnlyForDeploymentPostprocessing = 0;
		};
		42EEE364225B36750038659F /* Frameworks */ = {
			isa = PBXFrameworksBuildPhase;
			buildActionMask = 2147483647;
			files = (
			);
			runOnlyForDeploymentPostprocessing = 0;
		};
		42EEE36F225B36750038659F /* Frameworks */ = {
			isa = PBXFrameworksBuildPhase;
			buildActionMask = 2147483647;
			files = (
			);
			runOnlyForDeploymentPostprocessing = 0;
		};
/* End PBXFrameworksBuildPhase section */

/* Begin PBXGroup section */
		429FD64C22633D7400628CCB /* Persistence */ = {
			isa = PBXGroup;
			children = (
				429FD67622634E8100628CCB /* Model */,
				429FD65E22633F0300628CCB /* Datastore.swift */,
				429FD64D22633D8F00628CCB /* NSManagedObjectContext+Extensions.swift */,
				429FD64F22633DAF00628CCB /* Rentacar.xcdatamodeld */,
			);
			path = Persistence;
			sourceTree = "<group>";
		};
		429FD67622634E8100628CCB /* Model */ = {
			isa = PBXGroup;
			children = (
				429FD67A22634E8100628CCB /* System */,
				429FD67822634E8100628CCB /* Car+CoreDataClass.swift */,
				429FD67922634E8100628CCB /* Policy+CoreDataClass.swift */,
				429FD67722634E8100628CCB /* Session+CoreDataClass.swift */,
				429FD67F22634E8100628CCB /* User+CoreDataClass.swift */,
			);
			path = Model;
			sourceTree = "<group>";
		};
		429FD67A22634E8100628CCB /* System */ = {
			isa = PBXGroup;
			children = (
				429FD67B22634E8100628CCB /* Car+CoreDataProperties.swift */,
				429FD67D22634E8100628CCB /* Policy+CoreDataProperties.swift */,
				429FD67C22634E8100628CCB /* Session+CoreDataProperties.swift */,
				429FD67E22634E8100628CCB /* User+CoreDataProperties.swift */,
			);
			path = System;
			sourceTree = "<group>";
		};
		42EEE34A225B36730038659F = {
			isa = PBXGroup;
			children = (
				42EEE355225B36730038659F /* Rentacar */,
				42EEE36A225B36750038659F /* RentacarTests */,
				42EEE375225B36750038659F /* RentacarUITests */,
				42EEE354225B36730038659F /* Products */,
				DC77DECC27883F07967ACB7F /* Pods */,
				ECDCA0A5D96D1DD69A32FDE1 /* Frameworks */,
			);
			sourceTree = "<group>";
		};
		42EEE354225B36730038659F /* Products */ = {
			isa = PBXGroup;
			children = (
				42EEE353225B36730038659F /* Rentacar.app */,
				42EEE367225B36750038659F /* RentacarTests.xctest */,
				42EEE372225B36750038659F /* RentacarUITests.xctest */,
			);
			name = Products;
			sourceTree = "<group>";
		};
		42EEE355225B36730038659F /* Rentacar */ = {
			isa = PBXGroup;
			children = (
				42EEE356225B36730038659F /* AppDelegate.swift */,
				4272AAD6225B898800432876 /* CarsListViewController.swift */,
				429FD68C2263A83D00628CCB /* CarViewController.swift */,
				429FD6882263A2AE00628CCB /* CarsListCell.swift */,
				429FD6892263A2AE00628CCB /* CarsListCell.xib */,
				421252FF225FC0E200B65147 /* Constants.swift */,
				4272AACE225B711C00432876 /* Coordinator.swift */,
				4272AACC225B6CF500432876 /* Extensions.swift */,
				4272AAC8225B690200432876 /* LoginViewController.swift */,
				4272AAD2225B7A6C00432876 /* LoginSignupSelectionViewController.swift */,
				42EEE35A225B36730038659F /* Main.storyboard */,
				42125301225FC10D00B65147 /* NetworkManager.swift */,
				4272AAD0225B714100432876 /* StartupCoordinator.swift */,
				4272AACA225B691800432876 /* SignupViewController.swift */,
				42EEE358225B36730038659F /* StartupViewController.swift */,
				42125303225FC65000B65147 /* SwipeCloseViewController.swift */,
				421252FB225FAE4D00B65147 /* VeriffSession.swift */,
				422F6EE622665322005F1303 /* Cars.plist */,
				429FD64C22633D7400628CCB /* Persistence */,
				42EEE35D225B36750038659F /* Assets.xcassets */,
				42D811BA2264B6080020FCD6 /* CommonAssets.xcassets */,
				42EEE35F225B36750038659F /* LaunchScreen.storyboard */,
				42EEE362225B36750038659F /* Info.plist */,
			);
			path = Rentacar;
			sourceTree = "<group>";
		};
		42EEE36A225B36750038659F /* RentacarTests */ = {
			isa = PBXGroup;
			children = (
				42EEE36B225B36750038659F /* RentacarTests.swift */,
				42EEE36D225B36750038659F /* Info.plist */,
			);
			path = RentacarTests;
			sourceTree = "<group>";
		};
		42EEE375225B36750038659F /* RentacarUITests */ = {
			isa = PBXGroup;
			children = (
				42EEE376225B36750038659F /* RentacarUITests.swift */,
				42EEE378225B36750038659F /* Info.plist */,
			);
			path = RentacarUITests;
			sourceTree = "<group>";
		};
		DC77DECC27883F07967ACB7F /* Pods */ = {
			isa = PBXGroup;
			children = (
				EE9CDAA5B65A9EA1328D9949 /* Pods-Rentacar.debug.xcconfig */,
				78E713CE5F97A0F012AD4EE7 /* Pods-Rentacar.release.xcconfig */,
			);
			path = Pods;
			sourceTree = "<group>";
		};
		ECDCA0A5D96D1DD69A32FDE1 /* Frameworks */ = {
			isa = PBXGroup;
			children = (
				13817B9EF2812FBA418848D7 /* Pods_Rentacar.framework */,
			);
			name = Frameworks;
			sourceTree = "<group>";
		};
/* End PBXGroup section */

/* Begin PBXNativeTarget section */
		42EEE352225B36730038659F /* Rentacar */ = {
			isa = PBXNativeTarget;
			buildConfigurationList = 42EEE37B225B36750038659F /* Build configuration list for PBXNativeTarget "Rentacar" */;
			buildPhases = (
				82333AA95C1E9C7F434D5BAB /* [CP] Check Pods Manifest.lock */,
				42EEE34F225B36730038659F /* Sources */,
				42EEE350225B36730038659F /* Frameworks */,
				42EEE351225B36730038659F /* Resources */,
				18E2EC49FC055287DBC1B856 /* [CP] Embed Pods Frameworks */,
			);
			buildRules = (
			);
			dependencies = (
			);
			name = Rentacar;
			productName = Rentacar;
			productReference = 42EEE353225B36730038659F /* Rentacar.app */;
			productType = "com.apple.product-type.application";
		};
		42EEE366225B36750038659F /* RentacarTests */ = {
			isa = PBXNativeTarget;
			buildConfigurationList = 42EEE37E225B36750038659F /* Build configuration list for PBXNativeTarget "RentacarTests" */;
			buildPhases = (
				42EEE363225B36750038659F /* Sources */,
				42EEE364225B36750038659F /* Frameworks */,
				42EEE365225B36750038659F /* Resources */,
			);
			buildRules = (
			);
			dependencies = (
				42EEE369225B36750038659F /* PBXTargetDependency */,
			);
			name = RentacarTests;
			productName = RentacarTests;
			productReference = 42EEE367225B36750038659F /* RentacarTests.xctest */;
			productType = "com.apple.product-type.bundle.unit-test";
		};
		42EEE371225B36750038659F /* RentacarUITests */ = {
			isa = PBXNativeTarget;
			buildConfigurationList = 42EEE381225B36750038659F /* Build configuration list for PBXNativeTarget "RentacarUITests" */;
			buildPhases = (
				42EEE36E225B36750038659F /* Sources */,
				42EEE36F225B36750038659F /* Frameworks */,
				42EEE370225B36750038659F /* Resources */,
			);
			buildRules = (
			);
			dependencies = (
				42EEE374225B36750038659F /* PBXTargetDependency */,
			);
			name = RentacarUITests;
			productName = RentacarUITests;
			productReference = 42EEE372225B36750038659F /* RentacarUITests.xctest */;
			productType = "com.apple.product-type.bundle.ui-testing";
		};
/* End PBXNativeTarget section */

/* Begin PBXProject section */
		42EEE34B225B36730038659F /* Project object */ = {
			isa = PBXProject;
			attributes = {
				LastSwiftUpdateCheck = 1010;
				LastUpgradeCheck = 1010;
				ORGANIZATIONNAME = "Mikk Pavelson";
				TargetAttributes = {
					42EEE352225B36730038659F = {
						CreatedOnToolsVersion = 10.1;
					};
					42EEE366225B36750038659F = {
						CreatedOnToolsVersion = 10.1;
						TestTargetID = 42EEE352225B36730038659F;
					};
					42EEE371225B36750038659F = {
						CreatedOnToolsVersion = 10.1;
						TestTargetID = 42EEE352225B36730038659F;
					};
				};
			};
			buildConfigurationList = 42EEE34E225B36730038659F /* Build configuration list for PBXProject "Rentacar" */;
			compatibilityVersion = "Xcode 9.3";
			developmentRegion = en;
			hasScannedForEncodings = 0;
			knownRegions = (
				en,
				Base,
			);
			mainGroup = 42EEE34A225B36730038659F;
			productRefGroup = 42EEE354225B36730038659F /* Products */;
			projectDirPath = "";
			projectRoot = "";
			targets = (
				42EEE352225B36730038659F /* Rentacar */,
				42EEE366225B36750038659F /* RentacarTests */,
				42EEE371225B36750038659F /* RentacarUITests */,
			);
		};
/* End PBXProject section */

/* Begin PBXResourcesBuildPhase section */
		42EEE351225B36730038659F /* Resources */ = {
			isa = PBXResourcesBuildPhase;
			buildActionMask = 2147483647;
			files = (
				42EEE361225B36750038659F /* LaunchScreen.storyboard in Resources */,
				42D811BB2264B6080020FCD6 /* CommonAssets.xcassets in Resources */,
				42EEE35E225B36750038659F /* Assets.xcassets in Resources */,
				422F6EE722665322005F1303 /* Cars.plist in Resources */,
				429FD68B2263A2AE00628CCB /* CarsListCell.xib in Resources */,
				42EEE35C225B36730038659F /* Main.storyboard in Resources */,
			);
			runOnlyForDeploymentPostprocessing = 0;
		};
		42EEE365225B36750038659F /* Resources */ = {
			isa = PBXResourcesBuildPhase;
			buildActionMask = 2147483647;
			files = (
			);
			runOnlyForDeploymentPostprocessing = 0;
		};
		42EEE370225B36750038659F /* Resources */ = {
			isa = PBXResourcesBuildPhase;
			buildActionMask = 2147483647;
			files = (
			);
			runOnlyForDeploymentPostprocessing = 0;
		};
/* End PBXResourcesBuildPhase section */

/* Begin PBXShellScriptBuildPhase section */
		18E2EC49FC055287DBC1B856 /* [CP] Embed Pods Frameworks */ = {
			isa = PBXShellScriptBuildPhase;
			buildActionMask = 2147483647;
			files = (
			);
			inputFileListPaths = (
			);
			inputPaths = (
				"${PODS_ROOT}/Target Support Files/Pods-Rentacar/Pods-Rentacar-frameworks.sh",
				"${PODS_ROOT}/VeriffSDK/Veriff.framework",
			);
			name = "[CP] Embed Pods Frameworks";
			outputFileListPaths = (
			);
			outputPaths = (
				"${TARGET_BUILD_DIR}/${FRAMEWORKS_FOLDER_PATH}/Veriff.framework",
			);
			runOnlyForDeploymentPostprocessing = 0;
			shellPath = /bin/sh;
			shellScript = "\"${PODS_ROOT}/Target Support Files/Pods-Rentacar/Pods-Rentacar-frameworks.sh\"\n";
			showEnvVarsInLog = 0;
		};
		82333AA95C1E9C7F434D5BAB /* [CP] Check Pods Manifest.lock */ = {
			isa = PBXShellScriptBuildPhase;
			buildActionMask = 2147483647;
			files = (
			);
			inputFileListPaths = (
			);
			inputPaths = (
				"${PODS_PODFILE_DIR_PATH}/Podfile.lock",
				"${PODS_ROOT}/Manifest.lock",
			);
			name = "[CP] Check Pods Manifest.lock";
			outputFileListPaths = (
			);
			outputPaths = (
				"$(DERIVED_FILE_DIR)/Pods-Rentacar-checkManifestLockResult.txt",
			);
			runOnlyForDeploymentPostprocessing = 0;
			shellPath = /bin/sh;
			shellScript = "diff \"${PODS_PODFILE_DIR_PATH}/Podfile.lock\" \"${PODS_ROOT}/Manifest.lock\" > /dev/null\nif [ $? != 0 ] ; then\n    # print error to STDERR\n    echo \"error: The sandbox is not in sync with the Podfile.lock. Run 'pod install' or update your CocoaPods installation.\" >&2\n    exit 1\nfi\n# This output is used by Xcode 'outputs' to avoid re-running this script phase.\necho \"SUCCESS\" > \"${SCRIPT_OUTPUT_FILE_0}\"\n";
			showEnvVarsInLog = 0;
		};
/* End PBXShellScriptBuildPhase section */

/* Begin PBXSourcesBuildPhase section */
		42EEE34F225B36730038659F /* Sources */ = {
			isa = PBXSourcesBuildPhase;
			buildActionMask = 2147483647;
			files = (
				42125302225FC10D00B65147 /* NetworkManager.swift in Sources */,
				421252FC225FAE4D00B65147 /* VeriffSession.swift in Sources */,
				42125300225FC0E200B65147 /* Constants.swift in Sources */,
				4272AACD225B6CF500432876 /* Extensions.swift in Sources */,
				4272AAC9225B690200432876 /* LoginViewController.swift in Sources */,
				429FD68522634E8100628CCB /* Policy+CoreDataProperties.swift in Sources */,
				429FD65F22633F0300628CCB /* Datastore.swift in Sources */,
				429FD68A2263A2AE00628CCB /* CarsListCell.swift in Sources */,
				429FD68422634E8100628CCB /* Session+CoreDataProperties.swift in Sources */,
				4272AACF225B711C00432876 /* Coordinator.swift in Sources */,
				42125304225FC65000B65147 /* SwipeCloseViewController.swift in Sources */,
				429FD68122634E8100628CCB /* Car+CoreDataClass.swift in Sources */,
				42EEE359225B36730038659F /* StartupViewController.swift in Sources */,
				4272AACB225B691800432876 /* SignupViewController.swift in Sources */,
				42EEE357225B36730038659F /* AppDelegate.swift in Sources */,
				429FD68722634E8100628CCB /* User+CoreDataClass.swift in Sources */,
				429FD68222634E8100628CCB /* Policy+CoreDataClass.swift in Sources */,
				4272AAD1225B714100432876 /* StartupCoordinator.swift in Sources */,
				4272AAD7225B898800432876 /* CarsListViewController.swift in Sources */,
				429FD68022634E8100628CCB /* Session+CoreDataClass.swift in Sources */,
				429FD68322634E8100628CCB /* Car+CoreDataProperties.swift in Sources */,
				429FD68622634E8100628CCB /* User+CoreDataProperties.swift in Sources */,
				429FD65722633DAF00628CCB /* Rentacar.xcdatamodeld in Sources */,
				4272AAD3225B7A6C00432876 /* LoginSignupSelectionViewController.swift in Sources */,
				429FD64E22633D8F00628CCB /* NSManagedObjectContext+Extensions.swift in Sources */,
				429FD68D2263A83D00628CCB /* CarViewController.swift in Sources */,
			);
			runOnlyForDeploymentPostprocessing = 0;
		};
		42EEE363225B36750038659F /* Sources */ = {
			isa = PBXSourcesBuildPhase;
			buildActionMask = 2147483647;
			files = (
				42EEE36C225B36750038659F /* RentacarTests.swift in Sources */,
			);
			runOnlyForDeploymentPostprocessing = 0;
		};
		42EEE36E225B36750038659F /* Sources */ = {
			isa = PBXSourcesBuildPhase;
			buildActionMask = 2147483647;
			files = (
				42EEE377225B36750038659F /* RentacarUITests.swift in Sources */,
			);
			runOnlyForDeploymentPostprocessing = 0;
		};
/* End PBXSourcesBuildPhase section */

/* Begin PBXTargetDependency section */
		42EEE369225B36750038659F /* PBXTargetDependency */ = {
			isa = PBXTargetDependency;
			target = 42EEE352225B36730038659F /* Rentacar */;
			targetProxy = 42EEE368225B36750038659F /* PBXContainerItemProxy */;
		};
		42EEE374225B36750038659F /* PBXTargetDependency */ = {
			isa = PBXTargetDependency;
			target = 42EEE352225B36730038659F /* Rentacar */;
			targetProxy = 42EEE373225B36750038659F /* PBXContainerItemProxy */;
		};
/* End PBXTargetDependency section */

/* Begin PBXVariantGroup section */
		42EEE35A225B36730038659F /* Main.storyboard */ = {
			isa = PBXVariantGroup;
			children = (
				42EEE35B225B36730038659F /* Base */,
			);
			name = Main.storyboard;
			sourceTree = "<group>";
		};
		42EEE35F225B36750038659F /* LaunchScreen.storyboard */ = {
			isa = PBXVariantGroup;
			children = (
				42EEE360225B36750038659F /* Base */,
			);
			name = LaunchScreen.storyboard;
			sourceTree = "<group>";
		};
/* End PBXVariantGroup section */

/* Begin XCBuildConfiguration section */
		42EEE379225B36750038659F /* Debug */ = {
			isa = XCBuildConfiguration;
			buildSettings = {
				ALWAYS_SEARCH_USER_PATHS = NO;
				CLANG_ANALYZER_NONNULL = YES;
				CLANG_ANALYZER_NUMBER_OBJECT_CONVERSION = YES_AGGRESSIVE;
				CLANG_CXX_LANGUAGE_STANDARD = "gnu++14";
				CLANG_CXX_LIBRARY = "libc++";
				CLANG_ENABLE_MODULES = YES;
				CLANG_ENABLE_OBJC_ARC = YES;
				CLANG_ENABLE_OBJC_WEAK = YES;
				CLANG_WARN_BLOCK_CAPTURE_AUTORELEASING = YES;
				CLANG_WARN_BOOL_CONVERSION = YES;
				CLANG_WARN_COMMA = YES;
				CLANG_WARN_CONSTANT_CONVERSION = YES;
				CLANG_WARN_DEPRECATED_OBJC_IMPLEMENTATIONS = YES;
				CLANG_WARN_DIRECT_OBJC_ISA_USAGE = YES_ERROR;
				CLANG_WARN_DOCUMENTATION_COMMENTS = YES;
				CLANG_WARN_EMPTY_BODY = YES;
				CLANG_WARN_ENUM_CONVERSION = YES;
				CLANG_WARN_INFINITE_RECURSION = YES;
				CLANG_WARN_INT_CONVERSION = YES;
				CLANG_WARN_NON_LITERAL_NULL_CONVERSION = YES;
				CLANG_WARN_OBJC_IMPLICIT_RETAIN_SELF = YES;
				CLANG_WARN_OBJC_LITERAL_CONVERSION = YES;
				CLANG_WARN_OBJC_ROOT_CLASS = YES_ERROR;
				CLANG_WARN_RANGE_LOOP_ANALYSIS = YES;
				CLANG_WARN_STRICT_PROTOTYPES = YES;
				CLANG_WARN_SUSPICIOUS_MOVE = YES;
				CLANG_WARN_UNGUARDED_AVAILABILITY = YES_AGGRESSIVE;
				CLANG_WARN_UNREACHABLE_CODE = YES;
				CLANG_WARN__DUPLICATE_METHOD_MATCH = YES;
				CODE_SIGN_IDENTITY = "iPhone Developer";
				COPY_PHASE_STRIP = NO;
				DEBUG_INFORMATION_FORMAT = dwarf;
				ENABLE_STRICT_OBJC_MSGSEND = YES;
				ENABLE_TESTABILITY = YES;
				GCC_C_LANGUAGE_STANDARD = gnu11;
				GCC_DYNAMIC_NO_PIC = NO;
				GCC_NO_COMMON_BLOCKS = YES;
				GCC_OPTIMIZATION_LEVEL = 0;
				GCC_PREPROCESSOR_DEFINITIONS = (
					"DEBUG=1",
					"$(inherited)",
				);
				GCC_WARN_64_TO_32_BIT_CONVERSION = YES;
				GCC_WARN_ABOUT_RETURN_TYPE = YES_ERROR;
				GCC_WARN_UNDECLARED_SELECTOR = YES;
				GCC_WARN_UNINITIALIZED_AUTOS = YES_AGGRESSIVE;
				GCC_WARN_UNUSED_FUNCTION = YES;
				GCC_WARN_UNUSED_VARIABLE = YES;
				IPHONEOS_DEPLOYMENT_TARGET = 12.1;
				MTL_ENABLE_DEBUG_INFO = INCLUDE_SOURCE;
				MTL_FAST_MATH = YES;
				ONLY_ACTIVE_ARCH = YES;
				SDKROOT = iphoneos;
				SWIFT_ACTIVE_COMPILATION_CONDITIONS = DEBUG;
				SWIFT_OPTIMIZATION_LEVEL = "-Onone";
			};
			name = Debug;
		};
		42EEE37A225B36750038659F /* Release */ = {
			isa = XCBuildConfiguration;
			buildSettings = {
				ALWAYS_SEARCH_USER_PATHS = NO;
				CLANG_ANALYZER_NONNULL = YES;
				CLANG_ANALYZER_NUMBER_OBJECT_CONVERSION = YES_AGGRESSIVE;
				CLANG_CXX_LANGUAGE_STANDARD = "gnu++14";
				CLANG_CXX_LIBRARY = "libc++";
				CLANG_ENABLE_MODULES = YES;
				CLANG_ENABLE_OBJC_ARC = YES;
				CLANG_ENABLE_OBJC_WEAK = YES;
				CLANG_WARN_BLOCK_CAPTURE_AUTORELEASING = YES;
				CLANG_WARN_BOOL_CONVERSION = YES;
				CLANG_WARN_COMMA = YES;
				CLANG_WARN_CONSTANT_CONVERSION = YES;
				CLANG_WARN_DEPRECATED_OBJC_IMPLEMENTATIONS = YES;
				CLANG_WARN_DIRECT_OBJC_ISA_USAGE = YES_ERROR;
				CLANG_WARN_DOCUMENTATION_COMMENTS = YES;
				CLANG_WARN_EMPTY_BODY = YES;
				CLANG_WARN_ENUM_CONVERSION = YES;
				CLANG_WARN_INFINITE_RECURSION = YES;
				CLANG_WARN_INT_CONVERSION = YES;
				CLANG_WARN_NON_LITERAL_NULL_CONVERSION = YES;
				CLANG_WARN_OBJC_IMPLICIT_RETAIN_SELF = YES;
				CLANG_WARN_OBJC_LITERAL_CONVERSION = YES;
				CLANG_WARN_OBJC_ROOT_CLASS = YES_ERROR;
				CLANG_WARN_RANGE_LOOP_ANALYSIS = YES;
				CLANG_WARN_STRICT_PROTOTYPES = YES;
				CLANG_WARN_SUSPICIOUS_MOVE = YES;
				CLANG_WARN_UNGUARDED_AVAILABILITY = YES_AGGRESSIVE;
				CLANG_WARN_UNREACHABLE_CODE = YES;
				CLANG_WARN__DUPLICATE_METHOD_MATCH = YES;
				CODE_SIGN_IDENTITY = "iPhone Developer";
				COPY_PHASE_STRIP = NO;
				DEBUG_INFORMATION_FORMAT = "dwarf-with-dsym";
				ENABLE_NS_ASSERTIONS = NO;
				ENABLE_STRICT_OBJC_MSGSEND = YES;
				GCC_C_LANGUAGE_STANDARD = gnu11;
				GCC_NO_COMMON_BLOCKS = YES;
				GCC_WARN_64_TO_32_BIT_CONVERSION = YES;
				GCC_WARN_ABOUT_RETURN_TYPE = YES_ERROR;
				GCC_WARN_UNDECLARED_SELECTOR = YES;
				GCC_WARN_UNINITIALIZED_AUTOS = YES_AGGRESSIVE;
				GCC_WARN_UNUSED_FUNCTION = YES;
				GCC_WARN_UNUSED_VARIABLE = YES;
				IPHONEOS_DEPLOYMENT_TARGET = 12.1;
				MTL_ENABLE_DEBUG_INFO = NO;
				MTL_FAST_MATH = YES;
				SDKROOT = iphoneos;
				SWIFT_COMPILATION_MODE = wholemodule;
				SWIFT_OPTIMIZATION_LEVEL = "-O";
				VALIDATE_PRODUCT = YES;
			};
			name = Release;
		};
		42EEE37C225B36750038659F /* Debug */ = {
			isa = XCBuildConfiguration;
			baseConfigurationReference = EE9CDAA5B65A9EA1328D9949 /* Pods-Rentacar.debug.xcconfig */;
			buildSettings = {
				ASSETCATALOG_COMPILER_APPICON_NAME = AppIcon;
				CODE_SIGN_STYLE = Automatic;
				DEVELOPMENT_TEAM = YJ4764U822;
				HEADER_SEARCH_PATHS = (
					"$(inherited)",
					"\"${PODS_ROOT}/Headers/Public\"",
					"\"${PODS_ROOT}/Headers/Public/Bolts\"",
					"\"${PODS_ROOT}/Headers/Public/Parse\"",
					"${PODS_ROOT}",
				);
				INFOPLIST_FILE = Rentacar/Info.plist;
				LD_RUNPATH_SEARCH_PATHS = (
					"$(inherited)",
					"@executable_path/Frameworks",
				);
				PRODUCT_BUNDLE_IDENTIFIER = mp.Rentacar;
				PRODUCT_NAME = "$(TARGET_NAME)";
				SWIFT_VERSION = 4.2;
				TARGETED_DEVICE_FAMILY = "1,2";
			};
			name = Debug;
		};
		42EEE37D225B36750038659F /* Release */ = {
			isa = XCBuildConfiguration;
			baseConfigurationReference = 78E713CE5F97A0F012AD4EE7 /* Pods-Rentacar.release.xcconfig */;
			buildSettings = {
				ASSETCATALOG_COMPILER_APPICON_NAME = AppIcon;
				CODE_SIGN_STYLE = Automatic;
				DEVELOPMENT_TEAM = YJ4764U822;
				HEADER_SEARCH_PATHS = (
					"$(inherited)",
					"\"${PODS_ROOT}/Headers/Public\"",
					"\"${PODS_ROOT}/Headers/Public/Bolts\"",
					"\"${PODS_ROOT}/Headers/Public/Parse\"",
					"${PODS_ROOT}",
				);
				INFOPLIST_FILE = Rentacar/Info.plist;
				LD_RUNPATH_SEARCH_PATHS = (
					"$(inherited)",
					"@executable_path/Frameworks",
				);
				PRODUCT_BUNDLE_IDENTIFIER = mp.Rentacar;
				PRODUCT_NAME = "$(TARGET_NAME)";
				SWIFT_VERSION = 4.2;
				TARGETED_DEVICE_FAMILY = "1,2";
			};
			name = Release;
		};
		42EEE37F225B36750038659F /* Debug */ = {
			isa = XCBuildConfiguration;
			buildSettings = {
				ALWAYS_EMBED_SWIFT_STANDARD_LIBRARIES = YES;
				BUNDLE_LOADER = "$(TEST_HOST)";
				CODE_SIGN_STYLE = Automatic;
				DEVELOPMENT_TEAM = YJ4764U822;
				INFOPLIST_FILE = RentacarTests/Info.plist;
				LD_RUNPATH_SEARCH_PATHS = (
					"$(inherited)",
					"@executable_path/Frameworks",
					"@loader_path/Frameworks",
				);
				PRODUCT_BUNDLE_IDENTIFIER = mp.RentacarTests;
				PRODUCT_NAME = "$(TARGET_NAME)";
				SWIFT_VERSION = 4.2;
				TARGETED_DEVICE_FAMILY = "1,2";
				TEST_HOST = "$(BUILT_PRODUCTS_DIR)/Rentacar.app/Rentacar";
			};
			name = Debug;
		};
		42EEE380225B36750038659F /* Release */ = {
			isa = XCBuildConfiguration;
			buildSettings = {
				ALWAYS_EMBED_SWIFT_STANDARD_LIBRARIES = YES;
				BUNDLE_LOADER = "$(TEST_HOST)";
				CODE_SIGN_STYLE = Automatic;
				DEVELOPMENT_TEAM = YJ4764U822;
				INFOPLIST_FILE = RentacarTests/Info.plist;
				LD_RUNPATH_SEARCH_PATHS = (
					"$(inherited)",
					"@executable_path/Frameworks",
					"@loader_path/Frameworks",
				);
				PRODUCT_BUNDLE_IDENTIFIER = mp.RentacarTests;
				PRODUCT_NAME = "$(TARGET_NAME)";
				SWIFT_VERSION = 4.2;
				TARGETED_DEVICE_FAMILY = "1,2";
				TEST_HOST = "$(BUILT_PRODUCTS_DIR)/Rentacar.app/Rentacar";
			};
			name = Release;
		};
		42EEE382225B36750038659F /* Debug */ = {
			isa = XCBuildConfiguration;
			buildSettings = {
				ALWAYS_EMBED_SWIFT_STANDARD_LIBRARIES = YES;
				CODE_SIGN_STYLE = Automatic;
				DEVELOPMENT_TEAM = YJ4764U822;
				INFOPLIST_FILE = RentacarUITests/Info.plist;
				LD_RUNPATH_SEARCH_PATHS = (
					"$(inherited)",
					"@executable_path/Frameworks",
					"@loader_path/Frameworks",
				);
				PRODUCT_BUNDLE_IDENTIFIER = mp.RentacarUITests;
				PRODUCT_NAME = "$(TARGET_NAME)";
				SWIFT_VERSION = 4.2;
				TARGETED_DEVICE_FAMILY = "1,2";
				TEST_TARGET_NAME = Rentacar;
			};
			name = Debug;
		};
		42EEE383225B36750038659F /* Release */ = {
			isa = XCBuildConfiguration;
			buildSettings = {
				ALWAYS_EMBED_SWIFT_STANDARD_LIBRARIES = YES;
				CODE_SIGN_STYLE = Automatic;
				DEVELOPMENT_TEAM = YJ4764U822;
				INFOPLIST_FILE = RentacarUITests/Info.plist;
				LD_RUNPATH_SEARCH_PATHS = (
					"$(inherited)",
					"@executable_path/Frameworks",
					"@loader_path/Frameworks",
				);
				PRODUCT_BUNDLE_IDENTIFIER = mp.RentacarUITests;
				PRODUCT_NAME = "$(TARGET_NAME)";
				SWIFT_VERSION = 4.2;
				TARGETED_DEVICE_FAMILY = "1,2";
				TEST_TARGET_NAME = Rentacar;
			};
			name = Release;
		};
/* End XCBuildConfiguration section */

/* Begin XCConfigurationList section */
		42EEE34E225B36730038659F /* Build configuration list for PBXProject "Rentacar" */ = {
			isa = XCConfigurationList;
			buildConfigurations = (
				42EEE379225B36750038659F /* Debug */,
				42EEE37A225B36750038659F /* Release */,
			);
			defaultConfigurationIsVisible = 0;
			defaultConfigurationName = Release;
		};
		42EEE37B225B36750038659F /* Build configuration list for PBXNativeTarget "Rentacar" */ = {
			isa = XCConfigurationList;
			buildConfigurations = (
				42EEE37C225B36750038659F /* Debug */,
				42EEE37D225B36750038659F /* Release */,
			);
			defaultConfigurationIsVisible = 0;
			defaultConfigurationName = Release;
		};
		42EEE37E225B36750038659F /* Build configuration list for PBXNativeTarget "RentacarTests" */ = {
			isa = XCConfigurationList;
			buildConfigurations = (
				42EEE37F225B36750038659F /* Debug */,
				42EEE380225B36750038659F /* Release */,
			);
			defaultConfigurationIsVisible = 0;
			defaultConfigurationName = Release;
		};
		42EEE381225B36750038659F /* Build configuration list for PBXNativeTarget "RentacarUITests" */ = {
			isa = XCConfigurationList;
			buildConfigurations = (
				42EEE382225B36750038659F /* Debug */,
				42EEE383225B36750038659F /* Release */,
			);
			defaultConfigurationIsVisible = 0;
			defaultConfigurationName = Release;
		};
/* End XCConfigurationList section */

/* Begin XCVersionGroup section */
		429FD64F22633DAF00628CCB /* Rentacar.xcdatamodeld */ = {
			isa = XCVersionGroup;
			children = (
				429FD65022633DAF00628CCB /* Rentacar.xcdatamodel */,
			);
			currentVersion = 429FD65022633DAF00628CCB /* Rentacar.xcdatamodel */;
			path = Rentacar.xcdatamodeld;
			sourceTree = "<group>";
			versionGroupType = wrapper.xcdatamodel;
		};
/* End XCVersionGroup section */
	};
	rootObject = 42EEE34B225B36730038659F /* Project object */;
}
